
Microsoft Visual Studio Solution File, Format Version 12.00
# Visual Studio Version 16
VisualStudioVersion = 16.0.29123.88
MinimumVisualStudioVersion = 10.0.40219.1
Project("{F184B08F-C81C-45F6-A57F-5ABD9991F28F}") = "WindowsApp2", "WindowsApp2.vbproj", "{BE77087E-91B5-4FE4-AE70-3DFF81518FE0}"
EndProject
Global
	GlobalSection(SolutionConfigurationPlatforms) = preSolution
		Debug|Any CPU = Debug|Any CPU
		Release|Any CPU = Release|Any CPU
	EndGlobalSection
	GlobalSection(ProjectConfigurationPlatforms) = postSolution
		{BE77087E-91B5-4FE4-AE70-3DFF81518FE0}.Debug|Any CPU.ActiveCfg = Debug|Any CPU
		{BE77087E-91B5-4FE4-AE70-3DFF81518FE0}.Debug|Any CPU.Build.0 = Debug|Any CPU
		{BE77087E-91B5-4FE4-AE70-3DFF81518FE0}.Release|Any CPU.ActiveCfg = Release|Any CPU
		{BE77087E-91B5-4FE4-AE70-3DFF81518FE0}.Release|Any CPU.Build.0 = Release|Any CPU
	EndGlobalSection
	GlobalSection(SolutionProperties) = preSolution
		HideSolutionNode = FALSE
	EndGlobalSection
	GlobalSection(ExtensibilityGlobals) = postSolution
		SolutionGuid = {167A5C9B-412B-41BD-85BE-B40FD32D3BED}
	EndGlobalSection
EndGlobal
