
Microsoft Visual Studio Solution File, Format Version 12.00
# Visual Studio 15
VisualStudioVersion = 15.0.26430.15
MinimumVisualStudioVersion = 10.0.40219.1
Project("{FAE04EC0-301F-11D3-BF4B-00C04F79EFBC}") = "PriceChangeEvent", "PriceChangeEvent\PriceChangeEvent.csproj", "{6B826AE2-1770-4964-B598-04E740DF5D33}"
EndProject
Global
	GlobalSection(SolutionConfigurationPlatforms) = preSolution
		Debug|Any CPU = Debug|Any CPU
		Release|Any CPU = Release|Any CPU
	EndGlobalSection
	GlobalSection(ProjectConfigurationPlatforms) = postSolution
		{6B826AE2-1770-4964-B598-04E740DF5D33}.Debug|Any CPU.ActiveCfg = Debug|Any CPU
		{6B826AE2-1770-4964-B598-04E740DF5D33}.Debug|Any CPU.Build.0 = Debug|Any CPU
		{6B826AE2-1770-4964-B598-04E740DF5D33}.Release|Any CPU.ActiveCfg = Release|Any CPU
		{6B826AE2-1770-4964-B598-04E740DF5D33}.Release|Any CPU.Build.0 = Release|Any CPU
	EndGlobalSection
	GlobalSection(SolutionProperties) = preSolution
		HideSolutionNode = FALSE
	EndGlobalSection
EndGlobal
