
Microsoft Visual Studio Solution File, Format Version 12.00
# Visual Studio Version 16
VisualStudioVersion = 16.0.29123.88
MinimumVisualStudioVersion = 10.0.40219.1
Project("{FAE04EC0-301F-11D3-BF4B-00C04F79EFBC}") = "Magazine", "Magazine.csproj", "{BE4620DD-C023-4996-A342-FF56A05F3DB9}"
EndProject
Global
	GlobalSection(SolutionConfigurationPlatforms) = preSolution
		Debug|Any CPU = Debug|Any CPU
		Release|Any CPU = Release|Any CPU
	EndGlobalSection
	GlobalSection(ProjectConfigurationPlatforms) = postSolution
		{BE4620DD-C023-4996-A342-FF56A05F3DB9}.Debug|Any CPU.ActiveCfg = Debug|Any CPU
		{BE4620DD-C023-4996-A342-FF56A05F3DB9}.Debug|Any CPU.Build.0 = Debug|Any CPU
		{BE4620DD-C023-4996-A342-FF56A05F3DB9}.Release|Any CPU.ActiveCfg = Release|Any CPU
		{BE4620DD-C023-4996-A342-FF56A05F3DB9}.Release|Any CPU.Build.0 = Release|Any CPU
	EndGlobalSection
	GlobalSection(SolutionProperties) = preSolution
		HideSolutionNode = FALSE
	EndGlobalSection
	GlobalSection(ExtensibilityGlobals) = postSolution
		SolutionGuid = {B269203F-E0D1-420A-97B9-4F1615D51FD0}
	EndGlobalSection
EndGlobal
