
Microsoft Visual Studio Solution File, Format Version 12.00
# Visual Studio Version 16
VisualStudioVersion = 16.0.29123.88
MinimumVisualStudioVersion = 10.0.40219.1
Project("{FAE04EC0-301F-11D3-BF4B-00C04F79EFBC}") = "WebApplication1", "WebApplication1.csproj", "{15A2ECD9-8762-4584-9BEC-2EA011B05E34}"
EndProject
Global
	GlobalSection(SolutionConfigurationPlatforms) = preSolution
		Debug|Any CPU = Debug|Any CPU
		Release|Any CPU = Release|Any CPU
	EndGlobalSection
	GlobalSection(ProjectConfigurationPlatforms) = postSolution
		{15A2ECD9-8762-4584-9BEC-2EA011B05E34}.Debug|Any CPU.ActiveCfg = Debug|Any CPU
		{15A2ECD9-8762-4584-9BEC-2EA011B05E34}.Debug|Any CPU.Build.0 = Debug|Any CPU
		{15A2ECD9-8762-4584-9BEC-2EA011B05E34}.Release|Any CPU.ActiveCfg = Release|Any CPU
		{15A2ECD9-8762-4584-9BEC-2EA011B05E34}.Release|Any CPU.Build.0 = Release|Any CPU
	EndGlobalSection
	GlobalSection(SolutionProperties) = preSolution
		HideSolutionNode = FALSE
	EndGlobalSection
	GlobalSection(ExtensibilityGlobals) = postSolution
		SolutionGuid = {F06FC675-94EE-4F42-8B2F-604EDEDB6757}
	EndGlobalSection
EndGlobal
