
Microsoft Visual Studio Solution File, Format Version 12.00
# Visual Studio Version 16
VisualStudioVersion = 16.0.29215.179
MinimumVisualStudioVersion = 10.0.40219.1
Project("{FAE04EC0-301F-11D3-BF4B-00C04F79EFBC}") = "Week6", "Week6.csproj", "{B9617055-A276-4EB2-9E53-DB6A8A771C69}"
EndProject
Global
	GlobalSection(SolutionConfigurationPlatforms) = preSolution
		Debug|Any CPU = Debug|Any CPU
		Release|Any CPU = Release|Any CPU
	EndGlobalSection
	GlobalSection(ProjectConfigurationPlatforms) = postSolution
		{B9617055-A276-4EB2-9E53-DB6A8A771C69}.Debug|Any CPU.ActiveCfg = Debug|Any CPU
		{B9617055-A276-4EB2-9E53-DB6A8A771C69}.Debug|Any CPU.Build.0 = Debug|Any CPU
		{B9617055-A276-4EB2-9E53-DB6A8A771C69}.Release|Any CPU.ActiveCfg = Release|Any CPU
		{B9617055-A276-4EB2-9E53-DB6A8A771C69}.Release|Any CPU.Build.0 = Release|Any CPU
	EndGlobalSection
	GlobalSection(SolutionProperties) = preSolution
		HideSolutionNode = FALSE
	EndGlobalSection
	GlobalSection(ExtensibilityGlobals) = postSolution
		SolutionGuid = {4846AD01-8A4C-47F4-BA16-284C276A1619}
	EndGlobalSection
EndGlobal
