
Microsoft Visual Studio Solution File, Format Version 12.00
# Visual Studio Version 16
VisualStudioVersion = 16.0.29123.88
MinimumVisualStudioVersion = 10.0.40219.1
Project("{FAE04EC0-301F-11D3-BF4B-00C04F79EFBC}") = "1WebApplication2", "1WebApplication2.csproj", "{EED426B2-EF65-49A9-852B-DBB7F7651DC6}"
EndProject
Global
	GlobalSection(SolutionConfigurationPlatforms) = preSolution
		Debug|Any CPU = Debug|Any CPU
		Release|Any CPU = Release|Any CPU
	EndGlobalSection
	GlobalSection(ProjectConfigurationPlatforms) = postSolution
		{EED426B2-EF65-49A9-852B-DBB7F7651DC6}.Debug|Any CPU.ActiveCfg = Debug|Any CPU
		{EED426B2-EF65-49A9-852B-DBB7F7651DC6}.Debug|Any CPU.Build.0 = Debug|Any CPU
		{EED426B2-EF65-49A9-852B-DBB7F7651DC6}.Release|Any CPU.ActiveCfg = Release|Any CPU
		{EED426B2-EF65-49A9-852B-DBB7F7651DC6}.Release|Any CPU.Build.0 = Release|Any CPU
	EndGlobalSection
	GlobalSection(SolutionProperties) = preSolution
		HideSolutionNode = FALSE
	EndGlobalSection
	GlobalSection(ExtensibilityGlobals) = postSolution
		SolutionGuid = {BABF7924-BD4E-4452-8AB5-B59D5D22E09E}
	EndGlobalSection
EndGlobal
